PODS:
  - AXSwift (0.2.3)
  - Nimble (7.3.4)
  - PromiseKit/CorePromise (6.7.1)
  - Quick (1.2.0)

DEPENDENCIES:
  - AXSwift (from `./AXSwift`)
  - Nimble (~> 7.3.1)
  - PromiseKit/CorePromise (~> 6.0)
  - Quick (~> 1.2.0)

SPEC REPOS:
  https://github.com/cocoapods/specs.git:
    - Nimble
    - PromiseKit
    - Quick

EXTERNAL SOURCES:
  AXSwift:
    :path: "./AXSwift"

SPEC CHECKSUMS:
  AXSwift: d49fe05ca04f983196c5caedfc88f617922ae671
  Nimble: 051e3d8912d40138fa5591c78594f95fb172af37
  PromiseKit: ef376fb8b4e92edfeb66bd403b983eaa07fbde0c
  Quick: 58d203b1c5e27fff7229c4c1ae445ad7069a7a08

PODFILE CHECKSUM: 43bf31a341af28c11e1feb4fd05f8c9670b59b58

COCOAPODS: 1.7.0.beta.3
